// !$*UTF8*$!
{
	archiveVersion = 1;
	classes = {
	};
	objectVersion = 46;
	objects = {

/* Begin PBXBuildFile section */
		220A29BE1C94A80A0094AC6E /* UserDefaults.swift in Sources */ = {isa = PBXBuildFile; fileRef = 220A29BD1C94A80A0094AC6E /* UserDefaults.swift */; };
		22390B951C94D23500B56FEA /* Tour.swift in Sources */ = {isa = PBXBuildFile; fileRef = 22390B941C94D23500B56FEA /* Tour.swift */; };
		22390B971C94D81500B56FEA /* Stop.swift in Sources */ = {isa = PBXBuildFile; fileRef = 22390B961C94D81500B56FEA /* Stop.swift */; };
		22390B991C94DC2D00B56FEA /* collection.json in Resources */ = {isa = PBXBuildFile; fileRef = 22390B981C94DC2D00B56FEA /* collection.json */; };
		22390B9B1C94DD6700B56FEA /* Item.swift in Sources */ = {isa = PBXBuildFile; fileRef = 22390B9A1C94DD6700B56FEA /* Item.swift */; };
		224347871C94707B000C3CB2 /* AppDelegate.swift in Sources */ = {isa = PBXBuildFile; fileRef = 224347861C94707B000C3CB2 /* AppDelegate.swift */; };
		224347891C94707B000C3CB2 /* ViewController.swift in Sources */ = {isa = PBXBuildFile; fileRef = 224347881C94707B000C3CB2 /* ViewController.swift */; };
		2243478C1C94707B000C3CB2 /* Main.storyboard in Resources */ = {isa = PBXBuildFile; fileRef = 2243478A1C94707B000C3CB2 /* Main.storyboard */; };
		2243478E1C94707B000C3CB2 /* Assets.xcassets in Resources */ = {isa = PBXBuildFile; fileRef = 2243478D1C94707B000C3CB2 /* Assets.xcassets */; };
		224347911C94707B000C3CB2 /* LaunchScreen.storyboard in Resources */ = {isa = PBXBuildFile; fileRef = 2243478F1C94707B000C3CB2 /* LaunchScreen.storyboard */; };
		2243479C1C94707B000C3CB2 /* CurateourTests.swift in Sources */ = {isa = PBXBuildFile; fileRef = 2243479B1C94707B000C3CB2 /* CurateourTests.swift */; };
		224347A71C94707B000C3CB2 /* CurateourUITests.swift in Sources */ = {isa = PBXBuildFile; fileRef = 224347A61C94707B000C3CB2 /* CurateourUITests.swift */; };
		224347B61C94718F000C3CB2 /* pmaToolkit in Resources */ = {isa = PBXBuildFile; fileRef = 224347B41C94718F000C3CB2 /* pmaToolkit */; };
		224347B71C94718F000C3CB2 /* SwiftyJSON in Resources */ = {isa = PBXBuildFile; fileRef = 224347B51C94718F000C3CB2 /* SwiftyJSON */; };
		224347C11C94791A000C3CB2 /* pmaBeacon.swift in Sources */ = {isa = PBXBuildFile; fileRef = 224347BA1C94791A000C3CB2 /* pmaBeacon.swift */; };
		224347C21C94791A000C3CB2 /* pmaCacheManager.swift in Sources */ = {isa = PBXBuildFile; fileRef = 224347BB1C94791A000C3CB2 /* pmaCacheManager.swift */; };
		224347C31C94791A000C3CB2 /* pmaLocation.swift in Sources */ = {isa = PBXBuildFile; fileRef = 224347BC1C94791A000C3CB2 /* pmaLocation.swift */; };
		224347C41C94791A000C3CB2 /* pmaLocationManager.swift in Sources */ = {isa = PBXBuildFile; fileRef = 224347BD1C94791A000C3CB2 /* pmaLocationManager.swift */; };
		224347C51C94791A000C3CB2 /* pmaLocationManagerRodin.swift in Sources */ = {isa = PBXBuildFile; fileRef = 224347BE1C94791A000C3CB2 /* pmaLocationManagerRodin.swift */; };
		224347C61C94791A000C3CB2 /* pmaObject.swift in Sources */ = {isa = PBXBuildFile; fileRef = 224347BF1C94791A000C3CB2 /* pmaObject.swift */; };
		224347C71C94791A000C3CB2 /* pmaToolkit.swift in Sources */ = {isa = PBXBuildFile; fileRef = 224347C01C94791A000C3CB2 /* pmaToolkit.swift */; };
		224347CB1C947976000C3CB2 /* SwiftyJSON.swift in Sources */ = {isa = PBXBuildFile; fileRef = 224347CA1C947976000C3CB2 /* SwiftyJSON.swift */; };
		224347CD1C948FDD000C3CB2 /* SignInViewController.swift in Sources */ = {isa = PBXBuildFile; fileRef = 224347CC1C948FDD000C3CB2 /* SignInViewController.swift */; };
		224347D01C94961A000C3CB2 /* RestClient.swift in Sources */ = {isa = PBXBuildFile; fileRef = 224347CF1C94961A000C3CB2 /* RestClient.swift */; };
		BE0E3723E3D65EFFFD76E93C /* Pods_Curateour.framework in Frameworks */ = {isa = PBXBuildFile; fileRef = 56B1B2D5BCB3CC3955DCD545 /* Pods_Curateour.framework */; };
/* End PBXBuildFile section */

/* Begin PBXContainerItemProxy section */
		224347981C94707B000C3CB2 /* PBXContainerItemProxy */ = {
			isa = PBXContainerItemProxy;
			containerPortal = 2243477B1C94707B000C3CB2 /* Project object */;
			proxyType = 1;
			remoteGlobalIDString = 224347821C94707B000C3CB2;
			remoteInfo = Curateour;
		};
		224347A31C94707B000C3CB2 /* PBXContainerItemProxy */ = {
			isa = PBXContainerItemProxy;
			containerPortal = 2243477B1C94707B000C3CB2 /* Project object */;
			proxyType = 1;
			remoteGlobalIDString = 224347821C94707B000C3CB2;
			remoteInfo = Curateour;
		};
/* End PBXContainerItemProxy section */

/* Begin PBXFileReference section */
		220A29BD1C94A80A0094AC6E /* UserDefaults.swift */ = {isa = PBXFileReference; fileEncoding = 4; lastKnownFileType = sourcecode.swift; path = UserDefaults.swift; sourceTree = "<group>"; };
		22390B941C94D23500B56FEA /* Tour.swift */ = {isa = PBXFileReference; fileEncoding = 4; lastKnownFileType = sourcecode.swift; path = Tour.swift; sourceTree = "<group>"; };
		22390B961C94D81500B56FEA /* Stop.swift */ = {isa = PBXFileReference; fileEncoding = 4; lastKnownFileType = sourcecode.swift; path = Stop.swift; sourceTree = "<group>"; };
		22390B981C94DC2D00B56FEA /* collection.json */ = {isa = PBXFileReference; fileEncoding = 4; lastKnownFileType = text.json; path = collection.json; sourceTree = "<group>"; };
		22390B9A1C94DD6700B56FEA /* Item.swift */ = {isa = PBXFileReference; fileEncoding = 4; lastKnownFileType = sourcecode.swift; path = Item.swift; sourceTree = "<group>"; };
		224347831C94707B000C3CB2 /* Curateour.app */ = {isa = PBXFileReference; explicitFileType = wrapper.application; includeInIndex = 0; path = Curateour.app; sourceTree = BUILT_PRODUCTS_DIR; };
		224347861C94707B000C3CB2 /* AppDelegate.swift */ = {isa = PBXFileReference; lastKnownFileType = sourcecode.swift; path = AppDelegate.swift; sourceTree = "<group>"; };
		224347881C94707B000C3CB2 /* ViewController.swift */ = {isa = PBXFileReference; lastKnownFileType = sourcecode.swift; path = ViewController.swift; sourceTree = "<group>"; };
		2243478B1C94707B000C3CB2 /* Base */ = {isa = PBXFileReference; lastKnownFileType = file.storyboard; name = Base; path = Base.lproj/Main.storyboard; sourceTree = "<group>"; };
		2243478D1C94707B000C3CB2 /* Assets.xcassets */ = {isa = PBXFileReference; lastKnownFileType = folder.assetcatalog; path = Assets.xcassets; sourceTree = "<group>"; };
		224347901C94707B000C3CB2 /* Base */ = {isa = PBXFileReference; lastKnownFileType = file.storyboard; name = Base; path = Base.lproj/LaunchScreen.storyboard; sourceTree = "<group>"; };
		224347921C94707B000C3CB2 /* Info.plist */ = {isa = PBXFileReference; lastKnownFileType = text.plist.xml; path = Info.plist; sourceTree = "<group>"; };
		224347971C94707B000C3CB2 /* CurateourTests.xctest */ = {isa = PBXFileReference; explicitFileType = wrapper.cfbundle; includeInIndex = 0; path = CurateourTests.xctest; sourceTree = BUILT_PRODUCTS_DIR; };
		2243479B1C94707B000C3CB2 /* CurateourTests.swift */ = {isa = PBXFileReference; lastKnownFileType = sourcecode.swift; path = CurateourTests.swift; sourceTree = "<group>"; };
		2243479D1C94707B000C3CB2 /* Info.plist */ = {isa = PBXFileReference; lastKnownFileType = text.plist.xml; path = Info.plist; sourceTree = "<group>"; };
		224347A21C94707B000C3CB2 /* CurateourUITests.xctest */ = {isa = PBXFileReference; explicitFileType = wrapper.cfbundle; includeInIndex = 0; path = CurateourUITests.xctest; sourceTree = BUILT_PRODUCTS_DIR; };
		224347A61C94707B000C3CB2 /* CurateourUITests.swift */ = {isa = PBXFileReference; lastKnownFileType = sourcecode.swift; path = CurateourUITests.swift; sourceTree = "<group>"; };
		224347A81C94707B000C3CB2 /* Info.plist */ = {isa = PBXFileReference; lastKnownFileType = text.plist.xml; path = Info.plist; sourceTree = "<group>"; };
		224347B41C94718F000C3CB2 /* pmaToolkit */ = {isa = PBXFileReference; lastKnownFileType = folder; name = pmaToolkit; path = /Users/mauricio/projects/swift/Curateour/Curateour/pmaToolkit; sourceTree = "<absolute>"; };
		224347B51C94718F000C3CB2 /* SwiftyJSON */ = {isa = PBXFileReference; lastKnownFileType = folder; name = SwiftyJSON; path = /Users/mauricio/projects/swift/Curateour/Curateour/SwiftyJSON; sourceTree = "<absolute>"; };
		224347BA1C94791A000C3CB2 /* pmaBeacon.swift */ = {isa = PBXFileReference; lastKnownFileType = sourcecode.swift; name = pmaBeacon.swift; path = pmaToolkit/pmaBeacon.swift; sourceTree = "<group>"; };
		224347BB1C94791A000C3CB2 /* pmaCacheManager.swift */ = {isa = PBXFileReference; lastKnownFileType = sourcecode.swift; name = pmaCacheManager.swift; path = pmaToolkit/pmaCacheManager.swift; sourceTree = "<group>"; };
		224347BC1C94791A000C3CB2 /* pmaLocation.swift */ = {isa = PBXFileReference; lastKnownFileType = sourcecode.swift; name = pmaLocation.swift; path = pmaToolkit/pmaLocation.swift; sourceTree = "<group>"; };
		224347BD1C94791A000C3CB2 /* pmaLocationManager.swift */ = {isa = PBXFileReference; lastKnownFileType = sourcecode.swift; name = pmaLocationManager.swift; path = pmaToolkit/pmaLocationManager.swift; sourceTree = "<group>"; };
		224347BE1C94791A000C3CB2 /* pmaLocationManagerRodin.swift */ = {isa = PBXFileReference; lastKnownFileType = sourcecode.swift; name = pmaLocationManagerRodin.swift; path = pmaToolkit/pmaLocationManagerRodin.swift; sourceTree = "<group>"; };
		224347BF1C94791A000C3CB2 /* pmaObject.swift */ = {isa = PBXFileReference; lastKnownFileType = sourcecode.swift; name = pmaObject.swift; path = pmaToolkit/pmaObject.swift; sourceTree = "<group>"; };
		224347C01C94791A000C3CB2 /* pmaToolkit.swift */ = {isa = PBXFileReference; lastKnownFileType = sourcecode.swift; name = pmaToolkit.swift; path = pmaToolkit/pmaToolkit.swift; sourceTree = "<group>"; };
		224347CA1C947976000C3CB2 /* SwiftyJSON.swift */ = {isa = PBXFileReference; lastKnownFileType = sourcecode.swift; name = SwiftyJSON.swift; path = SwiftyJSON/SwiftyJSON.swift; sourceTree = "<group>"; };
		224347CC1C948FDD000C3CB2 /* SignInViewController.swift */ = {isa = PBXFileReference; fileEncoding = 4; lastKnownFileType = sourcecode.swift; path = SignInViewController.swift; sourceTree = "<group>"; };
		224347CF1C94961A000C3CB2 /* RestClient.swift */ = {isa = PBXFileReference; fileEncoding = 4; lastKnownFileType = sourcecode.swift; path = RestClient.swift; sourceTree = "<group>"; };
		37D9D70506D354F81AE8F180 /* Pods-Curateour.debug.xcconfig */ = {isa = PBXFileReference; includeInIndex = 1; lastKnownFileType = text.xcconfig; name = "Pods-Curateour.debug.xcconfig"; path = "Pods/Target Support Files/Pods-Curateour/Pods-Curateour.debug.xcconfig"; sourceTree = "<group>"; };
		44AC3E8168B5605FEDA17BF0 /* Pods-Curateour.release.xcconfig */ = {isa = PBXFileReference; includeInIndex = 1; lastKnownFileType = text.xcconfig; name = "Pods-Curateour.release.xcconfig"; path = "Pods/Target Support Files/Pods-Curateour/Pods-Curateour.release.xcconfig"; sourceTree = "<group>"; };
		56B1B2D5BCB3CC3955DCD545 /* Pods_Curateour.framework */ = {isa = PBXFileReference; explicitFileType = wrapper.framework; includeInIndex = 0; path = Pods_Curateour.framework; sourceTree = BUILT_PRODUCTS_DIR; };
/* End PBXFileReference section */

/* Begin PBXFrameworksBuildPhase section */
		224347801C94707B000C3CB2 /* Frameworks */ = {
			isa = PBXFrameworksBuildPhase;
			buildActionMask = 2147483647;
			files = (
				BE0E3723E3D65EFFFD76E93C /* Pods_Curateour.framework in Frameworks */,
			);
			runOnlyForDeploymentPostprocessing = 0;
		};
		224347941C94707B000C3CB2 /* Frameworks */ = {
			isa = PBXFrameworksBuildPhase;
			buildActionMask = 2147483647;
			files = (
			);
			runOnlyForDeploymentPostprocessing = 0;
		};
		2243479F1C94707B000C3CB2 /* Frameworks */ = {
			isa = PBXFrameworksBuildPhase;
			buildActionMask = 2147483647;
			files = (
			);
			runOnlyForDeploymentPostprocessing = 0;
		};
/* End PBXFrameworksBuildPhase section */

/* Begin PBXGroup section */
		1F6BCED51238FFAEEA44D962 /* Frameworks */ = {
			isa = PBXGroup;
			children = (
				56B1B2D5BCB3CC3955DCD545 /* Pods_Curateour.framework */,
			);
			name = Frameworks;
			sourceTree = "<group>";
		};
		2243477A1C94707B000C3CB2 = {
			isa = PBXGroup;
			children = (
				224347851C94707B000C3CB2 /* Curateour */,
				2243479A1C94707B000C3CB2 /* CurateourTests */,
				224347A51C94707B000C3CB2 /* CurateourUITests */,
				224347841C94707B000C3CB2 /* Products */,
				F55D895550272A48E93A271A /* Pods */,
				1F6BCED51238FFAEEA44D962 /* Frameworks */,
			);
			sourceTree = "<group>";
		};
		224347841C94707B000C3CB2 /* Products */ = {
			isa = PBXGroup;
			children = (
				224347831C94707B000C3CB2 /* Curateour.app */,
				224347971C94707B000C3CB2 /* CurateourTests.xctest */,
				224347A21C94707B000C3CB2 /* CurateourUITests.xctest */,
			);
			name = Products;
			sourceTree = "<group>";
		};
		224347851C94707B000C3CB2 /* Curateour */ = {
			isa = PBXGroup;
			children = (
				22390B981C94DC2D00B56FEA /* collection.json */,
				224347C91C94794D000C3CB2 /* SwifityJSON */,
				224347C81C94792E000C3CB2 /* pmaToolkit */,
				224347861C94707B000C3CB2 /* AppDelegate.swift */,
				224347881C94707B000C3CB2 /* ViewController.swift */,
				2243478A1C94707B000C3CB2 /* Main.storyboard */,
				2243478D1C94707B000C3CB2 /* Assets.xcassets */,
				2243478F1C94707B000C3CB2 /* LaunchScreen.storyboard */,
				224347921C94707B000C3CB2 /* Info.plist */,
				224347CC1C948FDD000C3CB2 /* SignInViewController.swift */,
				224347CF1C94961A000C3CB2 /* RestClient.swift */,
				220A29BD1C94A80A0094AC6E /* UserDefaults.swift */,
				22390B941C94D23500B56FEA /* Tour.swift */,
				22390B961C94D81500B56FEA /* Stop.swift */,
				22390B9A1C94DD6700B56FEA /* Item.swift */,
			);
			path = Curateour;
			sourceTree = "<group>";
		};
		2243479A1C94707B000C3CB2 /* CurateourTests */ = {
			isa = PBXGroup;
			children = (
				2243479B1C94707B000C3CB2 /* CurateourTests.swift */,
				2243479D1C94707B000C3CB2 /* Info.plist */,
			);
			path = CurateourTests;
			sourceTree = "<group>";
		};
		224347A51C94707B000C3CB2 /* CurateourUITests */ = {
			isa = PBXGroup;
			children = (
				224347A61C94707B000C3CB2 /* CurateourUITests.swift */,
				224347A81C94707B000C3CB2 /* Info.plist */,
			);
			path = CurateourUITests;
			sourceTree = "<group>";
		};
		224347C81C94792E000C3CB2 /* pmaToolkit */ = {
			isa = PBXGroup;
			children = (
				224347BA1C94791A000C3CB2 /* pmaBeacon.swift */,
				224347BB1C94791A000C3CB2 /* pmaCacheManager.swift */,
				224347BC1C94791A000C3CB2 /* pmaLocation.swift */,
				224347BD1C94791A000C3CB2 /* pmaLocationManager.swift */,
				224347BE1C94791A000C3CB2 /* pmaLocationManagerRodin.swift */,
				224347BF1C94791A000C3CB2 /* pmaObject.swift */,
				224347C01C94791A000C3CB2 /* pmaToolkit.swift */,
			);
			name = pmaToolkit;
			sourceTree = "<group>";
		};
		224347C91C94794D000C3CB2 /* SwifityJSON */ = {
			isa = PBXGroup;
			children = (
				224347CA1C947976000C3CB2 /* SwiftyJSON.swift */,
			);
			name = SwifityJSON;
			sourceTree = "<group>";
		};
		F55D895550272A48E93A271A /* Pods */ = {
			isa = PBXGroup;
			children = (
				37D9D70506D354F81AE8F180 /* Pods-Curateour.debug.xcconfig */,
				44AC3E8168B5605FEDA17BF0 /* Pods-Curateour.release.xcconfig */,
			);
			name = Pods;
			sourceTree = "<group>";
		};
/* End PBXGroup section */

/* Begin PBXNativeTarget section */
		224347821C94707B000C3CB2 /* Curateour */ = {
			isa = PBXNativeTarget;
			buildConfigurationList = 224347AB1C94707B000C3CB2 /* Build configuration list for PBXNativeTarget "Curateour" */;
			buildPhases = (
				BD877526195A550C7AA51E57 /* Check Pods Manifest.lock */,
				2243477F1C94707B000C3CB2 /* Sources */,
				224347801C94707B000C3CB2 /* Frameworks */,
				224347811C94707B000C3CB2 /* Resources */,
				C5CAC64F8DE11DB59D4AB015 /* Embed Pods Frameworks */,
				D4D04ADF24D27E20210EE4C9 /* Copy Pods Resources */,
			);
			buildRules = (
			);
			dependencies = (
			);
			name = Curateour;
			productName = Curateour;
			productReference = 224347831C94707B000C3CB2 /* Curateour.app */;
			productType = "com.apple.product-type.application";
		};
		224347961C94707B000C3CB2 /* CurateourTests */ = {
			isa = PBXNativeTarget;
			buildConfigurationList = 224347AE1C94707B000C3CB2 /* Build configuration list for PBXNativeTarget "CurateourTests" */;
			buildPhases = (
				224347931C94707B000C3CB2 /* Sources */,
				224347941C94707B000C3CB2 /* Frameworks */,
				224347951C94707B000C3CB2 /* Resources */,
			);
			buildRules = (
			);
			dependencies = (
				224347991C94707B000C3CB2 /* PBXTargetDependency */,
			);
			name = CurateourTests;
			productName = CurateourTests;
			productReference = 224347971C94707B000C3CB2 /* CurateourTests.xctest */;
			productType = "com.apple.product-type.bundle.unit-test";
		};
		224347A11C94707B000C3CB2 /* CurateourUITests */ = {
			isa = PBXNativeTarget;
			buildConfigurationList = 224347B11C94707B000C3CB2 /* Build configuration list for PBXNativeTarget "CurateourUITests" */;
			buildPhases = (
				2243479E1C94707B000C3CB2 /* Sources */,
				2243479F1C94707B000C3CB2 /* Frameworks */,
				224347A01C94707B000C3CB2 /* Resources */,
			);
			buildRules = (
			);
			dependencies = (
				224347A41C94707B000C3CB2 /* PBXTargetDependency */,
			);
			name = CurateourUITests;
			productName = CurateourUITests;
			productReference = 224347A21C94707B000C3CB2 /* CurateourUITests.xctest */;
			productType = "com.apple.product-type.bundle.ui-testing";
		};
/* End PBXNativeTarget section */

/* Begin PBXProject section */
		2243477B1C94707B000C3CB2 /* Project object */ = {
			isa = PBXProject;
			attributes = {
				LastSwiftUpdateCheck = 0720;
				LastUpgradeCheck = 0720;
				ORGANIZATIONNAME = pmamightymouse;
				TargetAttributes = {
					224347821C94707B000C3CB2 = {
						CreatedOnToolsVersion = 7.2.1;
					};
					224347961C94707B000C3CB2 = {
						CreatedOnToolsVersion = 7.2.1;
						TestTargetID = 224347821C94707B000C3CB2;
					};
					224347A11C94707B000C3CB2 = {
						CreatedOnToolsVersion = 7.2.1;
						TestTargetID = 224347821C94707B000C3CB2;
					};
				};
			};
			buildConfigurationList = 2243477E1C94707B000C3CB2 /* Build configuration list for PBXProject "Curateour" */;
			compatibilityVersion = "Xcode 3.2";
			developmentRegion = English;
			hasScannedForEncodings = 0;
			knownRegions = (
				en,
				Base,
			);
			mainGroup = 2243477A1C94707B000C3CB2;
			productRefGroup = 224347841C94707B000C3CB2 /* Products */;
			projectDirPath = "";
			projectRoot = "";
			targets = (
				224347821C94707B000C3CB2 /* Curateour */,
				224347961C94707B000C3CB2 /* CurateourTests */,
				224347A11C94707B000C3CB2 /* CurateourUITests */,
			);
		};
/* End PBXProject section */

/* Begin PBXResourcesBuildPhase section */
		224347811C94707B000C3CB2 /* Resources */ = {
			isa = PBXResourcesBuildPhase;
			buildActionMask = 2147483647;
			files = (
				224347911C94707B000C3CB2 /* LaunchScreen.storyboard in Resources */,
				2243478E1C94707B000C3CB2 /* Assets.xcassets in Resources */,
				224347B61C94718F000C3CB2 /* pmaToolkit in Resources */,
				224347B71C94718F000C3CB2 /* SwiftyJSON in Resources */,
				2243478C1C94707B000C3CB2 /* Main.storyboard in Resources */,
				22390B991C94DC2D00B56FEA /* collection.json in Resources */,
			);
			runOnlyForDeploymentPostprocessing = 0;
		};
		224347951C94707B000C3CB2 /* Resources */ = {
			isa = PBXResourcesBuildPhase;
			buildActionMask = 2147483647;
			files = (
			);
			runOnlyForDeploymentPostprocessing = 0;
		};
		224347A01C94707B000C3CB2 /* Resources */ = {
			isa = PBXResourcesBuildPhase;
			buildActionMask = 2147483647;
			files = (
			);
			runOnlyForDeploymentPostprocessing = 0;
		};
/* End PBXResourcesBuildPhase section */

/* Begin PBXShellScriptBuildPhase section */
		BD877526195A550C7AA51E57 /* Check Pods Manifest.lock */ = {
			isa = PBXShellScriptBuildPhase;
			buildActionMask = 2147483647;
			files = (
			);
			inputPaths = (
			);
			name = "Check Pods Manifest.lock";
			outputPaths = (
			);
			runOnlyForDeploymentPostprocessing = 0;
			shellPath = /bin/sh;
			shellScript = "diff \"${PODS_ROOT}/../Podfile.lock\" \"${PODS_ROOT}/Manifest.lock\" > /dev/null\nif [[ $? != 0 ]] ; then\n    cat << EOM\nerror: The sandbox is not in sync with the Podfile.lock. Run 'pod install' or update your CocoaPods installation.\nEOM\n    exit 1\nfi\n";
			showEnvVarsInLog = 0;
		};
		C5CAC64F8DE11DB59D4AB015 /* Embed Pods Frameworks */ = {
			isa = PBXShellScriptBuildPhase;
			buildActionMask = 2147483647;
			files = (
			);
			inputPaths = (
			);
			name = "Embed Pods Frameworks";
			outputPaths = (
			);
			runOnlyForDeploymentPostprocessing = 0;
			shellPath = /bin/sh;
			shellScript = "\"${SRCROOT}/Pods/Target Support Files/Pods-Curateour/Pods-Curateour-frameworks.sh\"\n";
			showEnvVarsInLog = 0;
		};
		D4D04ADF24D27E20210EE4C9 /* Copy Pods Resources */ = {
			isa = PBXShellScriptBuildPhase;
			buildActionMask = 2147483647;
			files = (
			);
			inputPaths = (
			);
			name = "Copy Pods Resources";
			outputPaths = (
			);
			runOnlyForDeploymentPostprocessing = 0;
			shellPath = /bin/sh;
			shellScript = "\"${SRCROOT}/Pods/Target Support Files/Pods-Curateour/Pods-Curateour-resources.sh\"\n";
			showEnvVarsInLog = 0;
		};
/* End PBXShellScriptBuildPhase section */

/* Begin PBXSourcesBuildPhase section */
		2243477F1C94707B000C3CB2 /* Sources */ = {
			isa = PBXSourcesBuildPhase;
			buildActionMask = 2147483647;
			files = (
				224347CD1C948FDD000C3CB2 /* SignInViewController.swift in Sources */,
				224347CB1C947976000C3CB2 /* SwiftyJSON.swift in Sources */,
				22390B971C94D81500B56FEA /* Stop.swift in Sources */,
				224347C11C94791A000C3CB2 /* pmaBeacon.swift in Sources */,
				22390B9B1C94DD6700B56FEA /* Item.swift in Sources */,
				224347C21C94791A000C3CB2 /* pmaCacheManager.swift in Sources */,
				220A29BE1C94A80A0094AC6E /* UserDefaults.swift in Sources */,
				224347D01C94961A000C3CB2 /* RestClient.swift in Sources */,
				224347C31C94791A000C3CB2 /* pmaLocation.swift in Sources */,
				22390B951C94D23500B56FEA /* Tour.swift in Sources */,
				224347C41C94791A000C3CB2 /* pmaLocationManager.swift in Sources */,
				224347C51C94791A000C3CB2 /* pmaLocationManagerRodin.swift in Sources */,
				224347C61C94791A000C3CB2 /* pmaObject.swift in Sources */,
				224347C71C94791A000C3CB2 /* pmaToolkit.swift in Sources */,
				224347891C94707B000C3CB2 /* ViewController.swift in Sources */,
				224347871C94707B000C3CB2 /* AppDelegate.swift in Sources */,
			);
			runOnlyForDeploymentPostprocessing = 0;
		};
		224347931C94707B000C3CB2 /* Sources */ = {
			isa = PBXSourcesBuildPhase;
			buildActionMask = 2147483647;
			files = (
				2243479C1C94707B000C3CB2 /* CurateourTests.swift in Sources */,
			);
			runOnlyForDeploymentPostprocessing = 0;
		};
		2243479E1C94707B000C3CB2 /* Sources */ = {
			isa = PBXSourcesBuildPhase;
			buildActionMask = 2147483647;
			files = (
				224347A71C94707B000C3CB2 /* CurateourUITests.swift in Sources */,
			);
			runOnlyForDeploymentPostprocessing = 0;
		};
/* End PBXSourcesBuildPhase section */

/* Begin PBXTargetDependency section */
		224347991C94707B000C3CB2 /* PBXTargetDependency */ = {
			isa = PBXTargetDependency;
			target = 224347821C94707B000C3CB2 /* Curateour */;
			targetProxy = 224347981C94707B000C3CB2 /* PBXContainerItemProxy */;
		};
		224347A41C94707B000C3CB2 /* PBXTargetDependency */ = {
			isa = PBXTargetDependency;
			target = 224347821C94707B000C3CB2 /* Curateour */;
			targetProxy = 224347A31C94707B000C3CB2 /* PBXContainerItemProxy */;
		};
/* End PBXTargetDependency section */

/* Begin PBXVariantGroup section */
		2243478A1C94707B000C3CB2 /* Main.storyboard */ = {
			isa = PBXVariantGroup;
			children = (
				2243478B1C94707B000C3CB2 /* Base */,
			);
			name = Main.storyboard;
			sourceTree = "<group>";
		};
		2243478F1C94707B000C3CB2 /* LaunchScreen.storyboard */ = {
			isa = PBXVariantGroup;
			children = (
				224347901C94707B000C3CB2 /* Base */,
			);
			name = LaunchScreen.storyboard;
			sourceTree = "<group>";
		};
/* End PBXVariantGroup section */

/* Begin XCBuildConfiguration section */
		224347A91C94707B000C3CB2 /* Debug */ = {
			isa = XCBuildConfiguration;
			buildSettings = {
				ALWAYS_SEARCH_USER_PATHS = NO;
				CLANG_CXX_LANGUAGE_STANDARD = "gnu++0x";
				CLANG_CXX_LIBRARY = "libc++";
				CLANG_ENABLE_MODULES = YES;
				CLANG_ENABLE_OBJC_ARC = YES;
				CLANG_WARN_BOOL_CONVERSION = YES;
				CLANG_WARN_CONSTANT_CONVERSION = YES;
				CLANG_WARN_DIRECT_OBJC_ISA_USAGE = YES_ERROR;
				CLANG_WARN_EMPTY_BODY = YES;
				CLANG_WARN_ENUM_CONVERSION = YES;
				CLANG_WARN_INT_CONVERSION = YES;
				CLANG_WARN_OBJC_ROOT_CLASS = YES_ERROR;
				CLANG_WARN_UNREACHABLE_CODE = YES;
				CLANG_WARN__DUPLICATE_METHOD_MATCH = YES;
				"CODE_SIGN_IDENTITY[sdk=iphoneos*]" = "iPhone Developer";
				COPY_PHASE_STRIP = NO;
				DEBUG_INFORMATION_FORMAT = dwarf;
				ENABLE_STRICT_OBJC_MSGSEND = YES;
				ENABLE_TESTABILITY = YES;
				GCC_C_LANGUAGE_STANDARD = gnu99;
				GCC_DYNAMIC_NO_PIC = NO;
				GCC_NO_COMMON_BLOCKS = YES;
				GCC_OPTIMIZATION_LEVEL = 0;
				GCC_PREPROCESSOR_DEFINITIONS = (
					"DEBUG=1",
					"$(inherited)",
				);
				GCC_WARN_64_TO_32_BIT_CONVERSION = YES;
				GCC_WARN_ABOUT_RETURN_TYPE = YES_ERROR;
				GCC_WARN_UNDECLARED_SELECTOR = YES;
				GCC_WARN_UNINITIALIZED_AUTOS = YES_AGGRESSIVE;
				GCC_WARN_UNUSED_FUNCTION = YES;
				GCC_WARN_UNUSED_VARIABLE = YES;
				IPHONEOS_DEPLOYMENT_TARGET = 9.2;
				MTL_ENABLE_DEBUG_INFO = YES;
				ONLY_ACTIVE_ARCH = YES;
				SDKROOT = iphoneos;
				SWIFT_OPTIMIZATION_LEVEL = "-Onone";
			};
			name = Debug;
		};
		224347AA1C94707B000C3CB2 /* Release */ = {
			isa = XCBuildConfiguration;
			buildSettings = {
				ALWAYS_SEARCH_USER_PATHS = NO;
				CLANG_CXX_LANGUAGE_STANDARD = "gnu++0x";
				CLANG_CXX_LIBRARY = "libc++";
				CLANG_ENABLE_MODULES = YES;
				CLANG_ENABLE_OBJC_ARC = YES;
				CLANG_WARN_BOOL_CONVERSION = YES;
				CLANG_WARN_CONSTANT_CONVERSION = YES;
				CLANG_WARN_DIRECT_OBJC_ISA_USAGE = YES_ERROR;
				CLANG_WARN_EMPTY_BODY = YES;
				CLANG_WARN_ENUM_CONVERSION = YES;
				CLANG_WARN_INT_CONVERSION = YES;
				CLANG_WARN_OBJC_ROOT_CLASS = YES_ERROR;
				CLANG_WARN_UNREACHABLE_CODE = YES;
				CLANG_WARN__DUPLICATE_METHOD_MATCH = YES;
				"CODE_SIGN_IDENTITY[sdk=iphoneos*]" = "iPhone Developer";
				COPY_PHASE_STRIP = NO;
				DEBUG_INFORMATION_FORMAT = "dwarf-with-dsym";
				ENABLE_NS_ASSERTIONS = NO;
				ENABLE_STRICT_OBJC_MSGSEND = YES;
				GCC_C_LANGUAGE_STANDARD = gnu99;
				GCC_NO_COMMON_BLOCKS = YES;
				GCC_WARN_64_TO_32_BIT_CONVERSION = YES;
				GCC_WARN_ABOUT_RETURN_TYPE = YES_ERROR;
				GCC_WARN_UNDECLARED_SELECTOR = YES;
				GCC_WARN_UNINITIALIZED_AUTOS = YES_AGGRESSIVE;
				GCC_WARN_UNUSED_FUNCTION = YES;
				GCC_WARN_UNUSED_VARIABLE = YES;
				IPHONEOS_DEPLOYMENT_TARGET = 9.2;
				MTL_ENABLE_DEBUG_INFO = NO;
				SDKROOT = iphoneos;
				VALIDATE_PRODUCT = YES;
			};
			name = Release;
		};
		224347AC1C94707B000C3CB2 /* Debug */ = {
			isa = XCBuildConfiguration;
			baseConfigurationReference = 37D9D70506D354F81AE8F180 /* Pods-Curateour.debug.xcconfig */;
			buildSettings = {
				ASSETCATALOG_COMPILER_APPICON_NAME = AppIcon;
				CODE_SIGN_IDENTITY = "iPhone Developer";
				INFOPLIST_FILE = Curateour/Info.plist;
				LD_RUNPATH_SEARCH_PATHS = "$(inherited) @executable_path/Frameworks";
				PRODUCT_BUNDLE_IDENTIFIER = pmamightymouse.Curateour;
				PRODUCT_NAME = "$(TARGET_NAME)";
			};
			name = Debug;
		};
		224347AD1C94707B000C3CB2 /* Release */ = {
			isa = XCBuildConfiguration;
			baseConfigurationReference = 44AC3E8168B5605FEDA17BF0 /* Pods-Curateour.release.xcconfig */;
			buildSettings = {
				ASSETCATALOG_COMPILER_APPICON_NAME = AppIcon;
				CODE_SIGN_IDENTITY = "iPhone Developer";
				INFOPLIST_FILE = Curateour/Info.plist;
				LD_RUNPATH_SEARCH_PATHS = "$(inherited) @executable_path/Frameworks";
				PRODUCT_BUNDLE_IDENTIFIER = pmamightymouse.Curateour;
				PRODUCT_NAME = "$(TARGET_NAME)";
			};
			name = Release;
		};
		224347AF1C94707B000C3CB2 /* Debug */ = {
			isa = XCBuildConfiguration;
			buildSettings = {
				BUNDLE_LOADER = "$(TEST_HOST)";
				INFOPLIST_FILE = CurateourTests/Info.plist;
				LD_RUNPATH_SEARCH_PATHS = "$(inherited) @executable_path/Frameworks @loader_path/Frameworks";
				PRODUCT_BUNDLE_IDENTIFIER = pmamightymouse.CurateourTests;
				PRODUCT_NAME = "$(TARGET_NAME)";
				TEST_HOST = "$(BUILT_PRODUCTS_DIR)/Curateour.app/Curateour";
			};
			name = Debug;
		};
		224347B01C94707B000C3CB2 /* Release */ = {
			isa = XCBuildConfiguration;
			buildSettings = {
				BUNDLE_LOADER = "$(TEST_HOST)";
				INFOPLIST_FILE = CurateourTests/Info.plist;
				LD_RUNPATH_SEARCH_PATHS = "$(inherited) @executable_path/Frameworks @loader_path/Frameworks";
				PRODUCT_BUNDLE_IDENTIFIER = pmamightymouse.CurateourTests;
				PRODUCT_NAME = "$(TARGET_NAME)";
				TEST_HOST = "$(BUILT_PRODUCTS_DIR)/Curateour.app/Curateour";
			};
			name = Release;
		};
		224347B21C94707B000C3CB2 /* Debug */ = {
			isa = XCBuildConfiguration;
			buildSettings = {
				INFOPLIST_FILE = CurateourUITests/Info.plist;
				LD_RUNPATH_SEARCH_PATHS = "$(inherited) @executable_path/Frameworks @loader_path/Frameworks";
				PRODUCT_BUNDLE_IDENTIFIER = pmamightymouse.CurateourUITests;
				PRODUCT_NAME = "$(TARGET_NAME)";
				TEST_TARGET_NAME = Curateour;
				USES_XCTRUNNER = YES;
			};
			name = Debug;
		};
		224347B31C94707B000C3CB2 /* Release */ = {
			isa = XCBuildConfiguration;
			buildSettings = {
				INFOPLIST_FILE = CurateourUITests/Info.plist;
				LD_RUNPATH_SEARCH_PATHS = "$(inherited) @executable_path/Frameworks @loader_path/Frameworks";
				PRODUCT_BUNDLE_IDENTIFIER = pmamightymouse.CurateourUITests;
				PRODUCT_NAME = "$(TARGET_NAME)";
				TEST_TARGET_NAME = Curateour;
				USES_XCTRUNNER = YES;
			};
			name = Release;
		};
/* End XCBuildConfiguration section */

/* Begin XCConfigurationList section */
		2243477E1C94707B000C3CB2 /* Build configuration list for PBXProject "Curateour" */ = {
			isa = XCConfigurationList;
			buildConfigurations = (
				224347A91C94707B000C3CB2 /* Debug */,
				224347AA1C94707B000C3CB2 /* Release */,
			);
			defaultConfigurationIsVisible = 0;
			defaultConfigurationName = Release;
		};
		224347AB1C94707B000C3CB2 /* Build configuration list for PBXNativeTarget "Curateour" */ = {
			isa = XCConfigurationList;
			buildConfigurations = (
				224347AC1C94707B000C3CB2 /* Debug */,
				224347AD1C94707B000C3CB2 /* Release */,
			);
			defaultConfigurationIsVisible = 0;
			defaultConfigurationName = Release;
		};
		224347AE1C94707B000C3CB2 /* Build configuration list for PBXNativeTarget "CurateourTests" */ = {
			isa = XCConfigurationList;
			buildConfigurations = (
				224347AF1C94707B000C3CB2 /* Debug */,
				224347B01C94707B000C3CB2 /* Release */,
			);
			defaultConfigurationIsVisible = 0;
			defaultConfigurationName = Release;
		};
		224347B11C94707B000C3CB2 /* Build configuration list for PBXNativeTarget "CurateourUITests" */ = {
			isa = XCConfigurationList;
			buildConfigurations = (
				224347B21C94707B000C3CB2 /* Debug */,
				224347B31C94707B000C3CB2 /* Release */,
			);
			defaultConfigurationIsVisible = 0;
			defaultConfigurationName = Release;
		};
/* End XCConfigurationList section */
	};
	rootObject = 2243477B1C94707B000C3CB2 /* Project object */;
}
